
Microsoft Visual Studio Solution File, Format Version 12.00
# Visual Studio 14
VisualStudioVersion = 14.0.25420.1
MinimumVisualStudioVersion = 10.0.40219.1
Project("{E24C65DC-7377-472B-9ABA-BC803B73C61A}") = "flex-and-animations", ".", "{4A3DAC3E-2410-4962-BB2E-DE535B04D9E6}"
	ProjectSection(WebsiteProperties) = preProject
		TargetFrameworkMoniker = ".NETFramework,Version%3Dv4.5.2"
		Debug.AspNetCompiler.VirtualPath = "/localhost_7580"
		Debug.AspNetCompiler.PhysicalPath = "..\flex-and-animations\"
		Debug.AspNetCompiler.TargetPath = "PrecompiledWeb\localhost_7580\"
		Debug.AspNetCompiler.Updateable = "true"
		Debug.AspNetCompiler.ForceOverwrite = "true"
		Debug.AspNetCompiler.FixedNames = "false"
		Debug.AspNetCompiler.Debug = "True"
		Release.AspNetCompiler.VirtualPath = "/localhost_7580"
		Release.AspNetCompiler.PhysicalPath = "..\flex-and-animations\"
		Release.AspNetCompiler.TargetPath = "PrecompiledWeb\localhost_7580\"
		Release.AspNetCompiler.Updateable = "true"
		Release.AspNetCompiler.ForceOverwrite = "true"
		Release.AspNetCompiler.FixedNames = "false"
		Release.AspNetCompiler.Debug = "False"
		VWDPort = "7580"
		SlnRelativePath = "..\flex-and-animations\"
		DefaultWebSiteLanguage = "Visual C#"
	EndProjectSection
EndProject
Global
	GlobalSection(SolutionConfigurationPlatforms) = preSolution
		Debug|Any CPU = Debug|Any CPU
	EndGlobalSection
	GlobalSection(ProjectConfigurationPlatforms) = postSolution
		{4A3DAC3E-2410-4962-BB2E-DE535B04D9E6}.Debug|Any CPU.ActiveCfg = Debug|Any CPU
		{4A3DAC3E-2410-4962-BB2E-DE535B04D9E6}.Debug|Any CPU.Build.0 = Debug|Any CPU
	EndGlobalSection
	GlobalSection(SolutionProperties) = preSolution
		HideSolutionNode = FALSE
	EndGlobalSection
EndGlobal
